
Microsoft Visual Studio Solution File, Format Version 12.00
# Visual Studio 14
VisualStudioVersion = 14.0.25420.1
MinimumVisualStudioVersion = 10.0.40219.1
Project("{FAE04EC0-301F-11D3-BF4B-00C04F79EFBC}") = "CollegeApplication", "WindowsFormsApplication4\CollegeApplication.csproj", "{C3F420F2-2AFF-4AD1-9707-809A92555CBD}"
EndProject
Global
	GlobalSection(SolutionConfigurationPlatforms) = preSolution
		Debug|Any CPU = Debug|Any CPU
		Release|Any CPU = Release|Any CPU
	EndGlobalSection
	GlobalSection(ProjectConfigurationPlatforms) = postSolution
		{C3F420F2-2AFF-4AD1-9707-809A92555CBD}.Debug|Any CPU.ActiveCfg = Debug|Any CPU
		{C3F420F2-2AFF-4AD1-9707-809A92555CBD}.Debug|Any CPU.Build.0 = Debug|Any CPU
		{C3F420F2-2AFF-4AD1-9707-809A92555CBD}.Release|Any CPU.ActiveCfg = Release|Any CPU
		{C3F420F2-2AFF-4AD1-9707-809A92555CBD}.Release|Any CPU.Build.0 = Release|Any CPU
	EndGlobalSection
	GlobalSection(SolutionProperties) = preSolution
		HideSolutionNode = FALSE
	EndGlobalSection
EndGlobal
